
Microsoft Visual Studio Solution File, Format Version 12.00
# Visual Studio Version 17
VisualStudioVersion = 17.11.35327.3
MinimumVisualStudioVersion = 10.0.40219.1
Project("{FAE04EC0-301F-11D3-BF4B-00C04F79EFBC}") = "myfinance-web-dotnet", "myfinance-web-dotnet.csproj", "{EDC69077-19AA-4F28-B58D-27D60D6F84CD}"
EndProject
Global
	GlobalSection(SolutionConfigurationPlatforms) = preSolution
		Debug|Any CPU = Debug|Any CPU
		Release|Any CPU = Release|Any CPU
	EndGlobalSection
	GlobalSection(ProjectConfigurationPlatforms) = postSolution
		{EDC69077-19AA-4F28-B58D-27D60D6F84CD}.Debug|Any CPU.ActiveCfg = Debug|Any CPU
		{EDC69077-19AA-4F28-B58D-27D60D6F84CD}.Debug|Any CPU.Build.0 = Debug|Any CPU
		{EDC69077-19AA-4F28-B58D-27D60D6F84CD}.Release|Any CPU.ActiveCfg = Release|Any CPU
		{EDC69077-19AA-4F28-B58D-27D60D6F84CD}.Release|Any CPU.Build.0 = Release|Any CPU
	EndGlobalSection
	GlobalSection(SolutionProperties) = preSolution
		HideSolutionNode = FALSE
	EndGlobalSection
	GlobalSection(ExtensibilityGlobals) = postSolution
		SolutionGuid = {28A626B2-AF26-41AC-BDA2-6AC0701D6F48}
	EndGlobalSection
EndGlobal
